
Microsoft Visual Studio Solution File, Format Version 12.00
# Visual Studio Version 17
VisualStudioVersion = 17.1.32319.34
MinimumVisualStudioVersion = 10.0.40219.1
Project("{9A19103F-16F7-4668-BE54-9A1E7A4F7556}") = "WebBotConsole", "WebBotConsole\WebBotConsole.csproj", "{D2878D3A-B164-456E-A452-431823BAEB2B}"
EndProject
Project("{9A19103F-16F7-4668-BE54-9A1E7A4F7556}") = "WebBotApi", "WebBotApi\WebBotApi.csproj", "{1BE92895-2B5B-4045-94E3-506CC17CA2A9}"
EndProject
Global
	GlobalSection(SolutionConfigurationPlatforms) = preSolution
		Debug|Any CPU = Debug|Any CPU
		Release|Any CPU = Release|Any CPU
	EndGlobalSection
	GlobalSection(ProjectConfigurationPlatforms) = postSolution
		{D2878D3A-B164-456E-A452-431823BAEB2B}.Debug|Any CPU.ActiveCfg = Debug|Any CPU
		{D2878D3A-B164-456E-A452-431823BAEB2B}.Debug|Any CPU.Build.0 = Debug|Any CPU
		{D2878D3A-B164-456E-A452-431823BAEB2B}.Release|Any CPU.ActiveCfg = Release|Any CPU
		{D2878D3A-B164-456E-A452-431823BAEB2B}.Release|Any CPU.Build.0 = Release|Any CPU
		{1BE92895-2B5B-4045-94E3-506CC17CA2A9}.Debug|Any CPU.ActiveCfg = Debug|Any CPU
		{1BE92895-2B5B-4045-94E3-506CC17CA2A9}.Debug|Any CPU.Build.0 = Debug|Any CPU
		{1BE92895-2B5B-4045-94E3-506CC17CA2A9}.Release|Any CPU.ActiveCfg = Release|Any CPU
		{1BE92895-2B5B-4045-94E3-506CC17CA2A9}.Release|Any CPU.Build.0 = Release|Any CPU
	EndGlobalSection
	GlobalSection(SolutionProperties) = preSolution
		HideSolutionNode = FALSE
	EndGlobalSection
	GlobalSection(ExtensibilityGlobals) = postSolution
		SolutionGuid = {D09B7155-A9A2-4831-9058-0583059264ED}
	EndGlobalSection
EndGlobal
